{
    "_readme": [
        "This file locks the dependencies of your project to a known state",
        "Read more about it at https://getcomposer.org/doc/01-basic-usage.md#composer-lock-the-lock-file",
        "This file is @generated automatically"
    ],
    "hash": "0b247e86949b6bc0eaf7cf2073f0d076",
    "content-hash": "d6eb8e007d0d48a0d2f7d191e8fa8590",
    "packages": [
        {
            "name": "fewagency/macropiche",
            "version": "v3.1",
            "source": {
                "type": "git",
                "url": "https://github.com/fewagency/macropiche.git",
                "reference": "0b73438b47751fa359bff78a2a61ed3716e4049d"
            },
            "dist": {
                "type": "zip",
                "url": "https://api.github.com/repos/fewagency/macropiche/zipball/0b73438b47751fa359bff78a2a61ed3716e4049d",
                "reference": "0b73438b47751fa359bff78a2a61ed3716e4049d",
                "shasum": ""
            },
            "require": {
                "php": ">=5.4.0"
            },
            "require-dev": {
                "illuminate/view": "^5.2"
            },
            "type": "library",
            "autoload": {
                "files": [
                    "src/macropiche.php"
                ]
            },
            "notification-url": "https://packagist.org/downloads/",
            "license": [
                "MIT"
            ],
            "authors": [
                {
                    "name": "Bjorn Nilsved",
                    "email": "bjorn.nilsved@fewagency.se"
                }
            ],
            "description": "HTML display of view-templates (of a pattern library)",
            "keywords": [
                "atomic",
                "components",
                "html",
                "library",
                "pattern",
                "sample",
                "sheet",
                "snippet",
                "template"
            ],
            "time": "2016-11-13 19:08:42"
        }
    ],
    "packages-dev": [],
    "aliases": [],
    "minimum-stability": "dev",
    "stability-flags": [],
    "prefer-stable": false,
    "prefer-lowest": false,
    "platform": [],
    "platform-dev": []
}
